
Microsoft Visual Studio Solution File, Format Version 12.00
# Visual Studio Version 16
VisualStudioVersion = 16.0.31613.86
MinimumVisualStudioVersion = 10.0.40219.1
Project("{FAE04EC0-301F-11D3-BF4B-00C04F79EFBC}") = "AgProgOdevi", "AgProgOdevi\AgProgOdevi.csproj", "{1DDBCA02-5173-4870-B299-AF2DC2D2538E}"
EndProject
Global
	GlobalSection(SolutionConfigurationPlatforms) = preSolution
		Debug|Any CPU = Debug|Any CPU
		Release|Any CPU = Release|Any CPU
	EndGlobalSection
	GlobalSection(ProjectConfigurationPlatforms) = postSolution
		{1DDBCA02-5173-4870-B299-AF2DC2D2538E}.Debug|Any CPU.ActiveCfg = Debug|Any CPU
		{1DDBCA02-5173-4870-B299-AF2DC2D2538E}.Debug|Any CPU.Build.0 = Debug|Any CPU
		{1DDBCA02-5173-4870-B299-AF2DC2D2538E}.Release|Any CPU.ActiveCfg = Release|Any CPU
		{1DDBCA02-5173-4870-B299-AF2DC2D2538E}.Release|Any CPU.Build.0 = Release|Any CPU
	EndGlobalSection
	GlobalSection(SolutionProperties) = preSolution
		HideSolutionNode = FALSE
	EndGlobalSection
	GlobalSection(ExtensibilityGlobals) = postSolution
		SolutionGuid = {8EB93EC8-6077-490B-AEF9-4DD41FEAEDC0}
	EndGlobalSection
EndGlobal
